<?xml version="1.0" encoding="utf-8"?>
<Project ToolsVersion="4.0" xmlns="http://schemas.microsoft.com/developer/msbuild/2003">
  <ItemGroup>
    <Filter Include="ソース ファイル">
      <UniqueIdentifier>{4FC737F1-C7A5-4376-A066-2A32D752A2FF}</UniqueIdentifier>
      <Extensions>cpp;c;cc;cxx;def;odl;idl;hpj;bat;asm;asmx</Extensions>
    </Filter>
    <Filter Include="リソース ファイル">
      <UniqueIdentifier>{67DA6AB6-F800-4c08-8B7A-83BB121AAD01}</UniqueIdentifier>
      <Extensions>rc;ico;cur;bmp;dlg;rc2;rct;bin;rgs;gif;jpg;jpeg;jpe;resx;tiff;tif;png;wav;mfcribbon-ms</Extensions>
    </Filter>
    <Filter Include="ソース ファイル\Game">
      <UniqueIdentifier>{3990a937-0e2f-4db6-bf16-d21299330a35}</UniqueIdentifier>
    </Filter>
    <Filter Include="ソース ファイル\Manager">
      <UniqueIdentifier>{b2b8a0fe-4f6c-442a-9b71-87c84815621f}</UniqueIdentifier>
    </Filter>
    <Filter Include="ソース ファイル\StageSelect">
      <UniqueIdentifier>{2a3efeb6-d1b3-49c4-ac7e-efc33d92f11e}</UniqueIdentifier>
    </Filter>
    <Filter Include="ソース ファイル\Title">
      <UniqueIdentifier>{3436ba14-7a75-4160-9c96-ac06b6f05c4f}</UniqueIdentifier>
    </Filter>
    <Filter Include="ソース ファイル\Utils">
      <UniqueIdentifier>{d4460c70-7444-4a9b-902b-84a74cdf2ed4}</UniqueIdentifier>
    </Filter>
    <Filter Include="ソース ファイル\Game\GameObj">
      <UniqueIdentifier>{bd214034-0099-4499-b4b3-76110ff9433b}</UniqueIdentifier>
    </Filter>
    <Filter Include="ソース ファイル\Game\State">
      <UniqueIdentifier>{b8d5f5b3-2013-4143-b720-a40e8b105a60}</UniqueIdentifier>
    </Filter>
  </ItemGroup>
  <ItemGroup>
    <ClInclude Include="Codes\BaseScene.h">
      <Filter>ソース ファイル</Filter>
    </ClInclude>
    <ClInclude Include="Codes\GlobalParam.h">
      <Filter>ソース ファイル</Filter>
    </ClInclude>
    <ClInclude Include="Codes\MainControll.h">
      <Filter>ソース ファイル</Filter>
    </ClInclude>
    <ClInclude Include="Codes\MSecTimer.h">
      <Filter>ソース ファイル</Filter>
    </ClInclude>
    <ClInclude Include="Codes\Utils\FileUtils.h">
      <Filter>ソース ファイル\Utils</Filter>
    </ClInclude>
    <ClInclude Include="Codes\Title\TitleScene.h">
      <Filter>ソース ファイル\Title</Filter>
    </ClInclude>
    <ClInclude Include="Codes\StageSelect\StageSelectScene.h">
      <Filter>ソース ファイル\StageSelect</Filter>
    </ClInclude>
    <ClInclude Include="Codes\Manager\ChangeSceneManager.h">
      <Filter>ソース ファイル\Manager</Filter>
    </ClInclude>
    <ClInclude Include="Codes\Manager\FPSManager.h">
      <Filter>ソース ファイル\Manager</Filter>
    </ClInclude>
    <ClInclude Include="Codes\Manager\GraphManager.h">
      <Filter>ソース ファイル\Manager</Filter>
    </ClInclude>
    <ClInclude Include="Codes\Manager\InputManager.h">
      <Filter>ソース ファイル\Manager</Filter>
    </ClInclude>
    <ClInclude Include="Codes\Manager\SoundManager.h">
      <Filter>ソース ファイル\Manager</Filter>
    </ClInclude>
    <ClInclude Include="Codes\Game\GameScene.h">
      <Filter>ソース ファイル\Game</Filter>
    </ClInclude>
    <ClInclude Include="Codes\Game\GameSceneParam.h">
      <Filter>ソース ファイル\Game</Filter>
    </ClInclude>
    <ClInclude Include="Codes\Utils\Vec2DUtils.h">
      <Filter>ソース ファイル\Utils</Filter>
    </ClInclude>
    <ClInclude Include="Codes\Game\StageControll.h">
      <Filter>ソース ファイル\Game</Filter>
    </ClInclude>
    <ClInclude Include="Codes\DebugMsgData.h">
      <Filter>ソース ファイル</Filter>
    </ClInclude>
    <ClInclude Include="Codes\Game\StageFile.h">
      <Filter>ソース ファイル\Game</Filter>
    </ClInclude>
    <ClInclude Include="Codes\Game\GameObj.h">
      <Filter>ソース ファイル\Game\GameObj</Filter>
    </ClInclude>
    <ClInclude Include="Codes\Game\Mass.h">
      <Filter>ソース ファイル\Game\GameObj</Filter>
    </ClInclude>
    <ClInclude Include="Codes\Game\Player.h">
      <Filter>ソース ファイル\Game\GameObj</Filter>
    </ClInclude>
    <ClInclude Include="Codes\Game\PlayerGenHitBox.h">
      <Filter>ソース ファイル\Game\GameObj</Filter>
    </ClInclude>
    <ClInclude Include="Codes\Game\PlayerState.h">
      <Filter>ソース ファイル\Game\State</Filter>
    </ClInclude>
    <ClInclude Include="Codes\Game\State.h">
      <Filter>ソース ファイル\Game\State</Filter>
    </ClInclude>
    <ClInclude Include="Codes\Game\StateMachine.h">
      <Filter>ソース ファイル\Game\State</Filter>
    </ClInclude>
    <ClInclude Include="Codes\Game\GameObjContainer.h">
      <Filter>ソース ファイル\Game</Filter>
    </ClInclude>
    <ClInclude Include="Codes\Game\HitArea.h">
      <Filter>ソース ファイル\Game\GameObj</Filter>
    </ClInclude>
    <ClInclude Include="Codes\Game\Enemy.h">
      <Filter>ソース ファイル\Game\GameObj</Filter>
    </ClInclude>
    <ClInclude Include="Codes\Game\EnemyState.h">
      <Filter>ソース ファイル\Game\State</Filter>
    </ClInclude>
  </ItemGroup>
  <ItemGroup>
    <ClCompile Include="Codes\main.cpp">
      <Filter>ソース ファイル</Filter>
    </ClCompile>
    <ClCompile Include="Codes\MainControll.cpp">
      <Filter>ソース ファイル</Filter>
    </ClCompile>
    <ClCompile Include="Codes\Utils\FileUtils.cpp">
      <Filter>ソース ファイル\Utils</Filter>
    </ClCompile>
    <ClCompile Include="Codes\Manager\ChangeSceneManager.cpp">
      <Filter>ソース ファイル\Manager</Filter>
    </ClCompile>
    <ClCompile Include="Codes\Manager\FPSManager.cpp">
      <Filter>ソース ファイル\Manager</Filter>
    </ClCompile>
    <ClCompile Include="Codes\Manager\GraphManager.cpp">
      <Filter>ソース ファイル\Manager</Filter>
    </ClCompile>
    <ClCompile Include="Codes\Manager\InputManager.cpp">
      <Filter>ソース ファイル\Manager</Filter>
    </ClCompile>
    <ClCompile Include="Codes\Manager\SoundManager.cpp">
      <Filter>ソース ファイル\Manager</Filter>
    </ClCompile>
    <ClCompile Include="Codes\Game\GameScene.cpp">
      <Filter>ソース ファイル\Game</Filter>
    </ClCompile>
    <ClCompile Include="Codes\Game\StageControll.cpp">
      <Filter>ソース ファイル\Game</Filter>
    </ClCompile>
    <ClCompile Include="Codes\DebugMsgData.cpp">
      <Filter>ソース ファイル</Filter>
    </ClCompile>
    <ClCompile Include="Codes\Game\StageFile.cpp">
      <Filter>ソース ファイル\Game</Filter>
    </ClCompile>
    <ClCompile Include="Codes\Game\Mass.cpp">
      <Filter>ソース ファイル\Game\GameObj</Filter>
    </ClCompile>
    <ClCompile Include="Codes\Game\Player.cpp">
      <Filter>ソース ファイル\Game\GameObj</Filter>
    </ClCompile>
    <ClCompile Include="Codes\Game\PlayerGenHitBox.cpp">
      <Filter>ソース ファイル\Game\GameObj</Filter>
    </ClCompile>
    <ClCompile Include="Codes\Game\PlayerState.cpp">
      <Filter>ソース ファイル\Game\State</Filter>
    </ClCompile>
    <ClCompile Include="Codes\Game\Enemy.cpp">
      <Filter>ソース ファイル\Game\GameObj</Filter>
    </ClCompile>
    <ClCompile Include="Codes\Game\EnemyState.cpp">
      <Filter>ソース ファイル\Game\State</Filter>
    </ClCompile>
  </ItemGroup>
</Project>